
Microsoft Visual Studio Solution File, Format Version 12.00
# Visual Studio Version 17
VisualStudioVersion = 17.1.32421.90
MinimumVisualStudioVersion = 10.0.40219.1
Project("{FAE04EC0-301F-11D3-BF4B-00C04F79EFBC}") = "AnhTesterHRM", "AnhTesterHRM\AnhTesterHRM.csproj", "{95BF3CE3-6C9B-430F-90FA-6F44AE51063B}"
EndProject
Global
	GlobalSection(SolutionConfigurationPlatforms) = preSolution
		Debug|Any CPU = Debug|Any CPU
		Release|Any CPU = Release|Any CPU
	EndGlobalSection
	GlobalSection(ProjectConfigurationPlatforms) = postSolution
		{95BF3CE3-6C9B-430F-90FA-6F44AE51063B}.Debug|Any CPU.ActiveCfg = Debug|Any CPU
		{95BF3CE3-6C9B-430F-90FA-6F44AE51063B}.Debug|Any CPU.Build.0 = Debug|Any CPU
		{95BF3CE3-6C9B-430F-90FA-6F44AE51063B}.Release|Any CPU.ActiveCfg = Release|Any CPU
		{95BF3CE3-6C9B-430F-90FA-6F44AE51063B}.Release|Any CPU.Build.0 = Release|Any CPU
	EndGlobalSection
	GlobalSection(SolutionProperties) = preSolution
		HideSolutionNode = FALSE
	EndGlobalSection
	GlobalSection(ExtensibilityGlobals) = postSolution
		SolutionGuid = {BC1106D5-1D85-4467-B7C3-7BA38309A0F7}
	EndGlobalSection
EndGlobal
